{
  "version": "5",
  "specifiers": {
    "jsr:@cross/runtime@1.0": "1.0.0",
    "jsr:@cross/test@^0.0.14": "0.0.14",
    "jsr:@frytg/logger@0.0.3": "0.0.3",
    "jsr:@std/assert@^1.0.19": "1.0.19",
    "jsr:@std/fmt@^1.0.10": "1.0.10",
    "jsr:@std/internal@^1.0.12": "1.0.14",
    "npm:@biomejs/biome@*": "2.5.3",
    "npm:@biomejs/biome@^2.5.3": "2.5.3",
    "npm:@types/luxon@^3.4.2": "3.7.2",
    "npm:@types/luxon@^3.7.2": "3.7.2",
    "npm:@types/node@*": "26.0.1",
    "npm:@types/node@^26.0.1": "26.0.1",
    "npm:luxon@^3.7.2": "3.7.2",
    "npm:minio@^8.0.7": "8.0.7",
    "npm:sinon@22": "22.0.0",
    "npm:winston@^3.17.0": "3.19.0",
    "npm:winston@^3.19.0": "3.19.0"
  },
  "jsr": {
    "@cross/runtime@1.0.0": {
      "integrity": "dddecdf99182df13d50279d1e473f715e83d41961c5c22edd7bb0c4c3cf8a76a"
    },
    "@cross/test@0.0.14": {
      "integrity": "3af2cf23e39f97156d21da4b21373407735343493e333f33eaeceedce511a7f9",
      "dependencies": [
        "jsr:@cross/runtime"
      ]
    },
    "@frytg/logger@0.0.3": {
      "integrity": "b35584d1b640dd8cd978fe02203cd7515c5b6d7abc102469816c011ccc23f4ea",
      "dependencies": [
        "npm:winston@^3.17.0"
      ]
    },
    "@std/assert@1.0.19": {
      "integrity": "eaada96ee120cb980bc47e040f82814d786fe8162ecc53c91d8df60b8755991e",
      "dependencies": [
        "jsr:@std/internal"
      ]
    },
    "@std/fmt@1.0.3": {
      "integrity": "97765c16aa32245ff4e2204ecf7d8562496a3cb8592340a80e7e554e0bb9149f"
    },
    "@std/fmt@1.0.7": {
      "integrity": "2a727c043d8df62cd0b819b3fb709b64dd622e42c3b1bb817ea7e6cc606360fb"
    },
    "@std/fmt@1.0.10": {
      "integrity": "90dfba288802ac6de82fb31d0917eb9e4450b9925b954d5e51fc29ac07419db5"
    },
    "@std/internal@1.0.14": {
      "integrity": "291516b3d4c35024d6ffbc0a9df5bf4c64116e05b50012cf846710152d2ffdf7"
    }
  },
  "npm": {
    "@biomejs/biome@2.5.3": {
      "integrity": "sha512-MrJswFdei9EfDwwUy2tQrPDpK0AO+RmMFvBoaaJ6ayBc3sUbHdCE+XG5N8vp+5So41ZupZJQm0roHFFhMGVD7A==",
      "optionalDependencies": [
        "@biomejs/cli-darwin-arm64",
        "@biomejs/cli-darwin-x64",
        "@biomejs/cli-linux-arm64",
        "@biomejs/cli-linux-arm64-musl",
        "@biomejs/cli-linux-x64",
        "@biomejs/cli-linux-x64-musl",
        "@biomejs/cli-win32-arm64",
        "@biomejs/cli-win32-x64"
      ],
      "bin": true
    },
    "@biomejs/cli-darwin-arm64@2.5.3": {
      "integrity": "sha512-QhYP9muVQ0nUO5zztFuPbEwi4+94sJWVjaZds9aMi1l/KNZBiUjdiSUrGHsTaMGDXrYl+r4AS2sUKfgH3w+V3g==",
      "os": ["darwin"],
      "cpu": ["arm64"]
    },
    "@biomejs/cli-darwin-x64@2.5.3": {
      "integrity": "sha512-NC1Ss13UaW7QZX+y8j44bF7AP0jSJdBl6iRhe0MAkvaSqZy+mWg3GaXsrb+eSoHoGDBtaXWEbMVV0iVN2cZ7cQ==",
      "os": ["darwin"],
      "cpu": ["x64"]
    },
    "@biomejs/cli-linux-arm64-musl@2.5.3": {
      "integrity": "sha512-fccix0w6xp6csCXgxeC0dU/3ecgRQal0y+cv2SP9ajNlhe7Yrk2Ug7UDe2j9AT9ZDYitkXpvUKgZjjuoYeP4Vg==",
      "os": ["linux"],
      "cpu": ["arm64"]
    },
    "@biomejs/cli-linux-arm64@2.5.3": {
      "integrity": "sha512-ksx1KWeyYW18ILL04msF/J4ZBtBDN33znYK8Z/aNv/vlBVxL9/g3mGP+omgHJKy4+KWbK87vcmmpmurfNjSgiA==",
      "os": ["linux"],
      "cpu": ["arm64"]
    },
    "@biomejs/cli-linux-x64-musl@2.5.3": {
      "integrity": "sha512-O/yU9YKRUiHhmcjF2f38PSjseVk3G4VLWYc0G2HWpzdBVREV6G8IGWIVEFf7MFPfWIzNUIvPsEjeAZQIOgnLcQ==",
      "os": ["linux"],
      "cpu": ["x64"]
    },
    "@biomejs/cli-linux-x64@2.5.3": {
      "integrity": "sha512-yMkJtilsgvILDcVkh187aVLTb64xYsrxYajx5kym+r1ULkO5HUOfu9AYKLGQbOVLwJtT2utNw7hhFNg+17mUYA==",
      "os": ["linux"],
      "cpu": ["x64"]
    },
    "@biomejs/cli-win32-arm64@2.5.3": {
      "integrity": "sha512-cX5z+GYwRcqEok0AH3KSfQGgqYd0Nomfp6Fbe1uiTtELE38hdH2k842wQ9wLNaF/JJ7r4rjJQ4VR+ce+fRmQbw==",
      "os": ["win32"],
      "cpu": ["arm64"]
    },
    "@biomejs/cli-win32-x64@2.5.3": {
      "integrity": "sha512-ExSaJWi4/u6+GXCszlSKpWSjKNbDseAYqqkCznsCsZ/4uidZ/BEqsCc5/3ctlq6dfIubdIIRSVLC/PG9xPl70Q==",
      "os": ["win32"],
      "cpu": ["x64"]
    },
    "@colors/colors@1.6.0": {
      "integrity": "sha512-Ir+AOibqzrIsL6ajt3Rz3LskB7OiMVHqltZmspbW/TJuTVuyOMirVqAkjfY6JISiLHgyNqicAC8AyHHGzNd/dA=="
    },
    "@dabh/diagnostics@2.0.8": {
      "integrity": "sha512-R4MSXTVnuMzGD7bzHdW2ZhhdPC/igELENcq5IjEverBvq5hn1SXCWcsi6eSsdWP0/Ur+SItRRjAktmdoX/8R/Q==",
      "dependencies": [
        "@so-ric/colorspace",
        "enabled",
        "kuler"
      ]
    },
    "@nodable/entities@2.2.0": {
      "integrity": "sha512-9uGyhaQavEUMC8AIddIjau4NsnsXhou+j5sBAGojCM1oxmQpVKTWR/9JxABD6UAv12vpIms55fPZKFQEhG6uBg=="
    },
    "@sinonjs/commons@3.0.1": {
      "integrity": "sha512-K3mCHKQ9sVh8o1C9cxkwxaOmXoAMlDxC1mYyHrjqOWEcBjYr76t96zL2zlj5dUGZ3HSw240X1qgH3Mjf1yJWpQ==",
      "dependencies": [
        "type-detect@4.0.8"
      ]
    },
    "@sinonjs/fake-timers@15.4.0": {
      "integrity": "sha512-DsG+8/LscQIQg68J6Ef3dv10u6nVyetYn923s3/sus5eaGfTo1of5WMZSLf0UJc9KDuKPilPH0UDJCjvNbDNCA==",
      "dependencies": [
        "@sinonjs/commons"
      ]
    },
    "@sinonjs/samsam@10.0.2": {
      "integrity": "sha512-8lVwD1Df1BmzoaOLhMcGGcz/Jyr5QY2KSB75/YK1QgKzoabTeLdIVyhXNZK9ojfSKSdirbXqdbsXXqP9/Ve8+A==",
      "dependencies": [
        "@sinonjs/commons",
        "type-detect@4.1.0"
      ]
    },
    "@so-ric/colorspace@1.1.6": {
      "integrity": "sha512-/KiKkpHNOBgkFJwu9sh48LkHSMYGyuTcSFK/qMBdnOAlrRJzRSXAOFB5qwzaVQuDl8wAvHVMkaASQDReTahxuw==",
      "dependencies": [
        "color",
        "text-hex"
      ]
    },
    "@types/luxon@3.7.2": {
      "integrity": "sha512-gW+Oib+vUtGJBtNC8V9Reww0oIpusw+4m81uncg9REGZAJfqOQHfo/nkabnc7w0QReXyPqjrbWMJk6NuAkiX3Q=="
    },
    "@types/node@26.0.1": {
      "integrity": "sha512-fc3KiUoBt6kie0N9bIW3E47vZsuaMf0PM2AaUpLCLT0s/LvX1nxAim6Fc049cNxODPpGm6qRAuUOB86SkRuPQw==",
      "dependencies": [
        "undici-types"
      ]
    },
    "@types/triple-beam@1.3.5": {
      "integrity": "sha512-6WaYesThRMCl19iryMYP7/x2OVgCtbIVflDGFpWnb9irXI3UjYE4AzmYuiUKY1AJstGijoY+MgUszMgRxIYTYw=="
    },
    "anynum@1.0.1": {
      "integrity": "sha512-N6//FLET/tXYNM/F6ABca1oH6fWB+KlTt909Le28WMDBk8oaT4vY17DCrwg2MvmuqUKt3Ni4N5dGJ/EoBgcO6A=="
    },
    "async@3.2.6": {
      "integrity": "sha512-htCUDlxyyCLMgaM3xXg0C0LW2xqfuQ6p05pCEIsXuyQ+a1koYKTuBMzRNwmybfLgvJDMd0r1LTn4+E0Ti6C2AA=="
    },
    "block-stream2@2.1.0": {
      "integrity": "sha512-suhjmLI57Ewpmq00qaygS8UgEq2ly2PCItenIyhMqVjo4t4pGzqMvfgJuX8iWTeSDdfSSqS6j38fL4ToNL7Pfg==",
      "dependencies": [
        "readable-stream"
      ]
    },
    "browser-or-node@2.1.1": {
      "integrity": "sha512-8CVjaLJGuSKMVTxJ2DpBl5XnlNDiT4cQFeuCJJrvJmts9YrTZDizTX7PjC2s6W4x+MBGZeEY6dGMrF04/6Hgqg=="
    },
    "buffer-crc32@1.0.0": {
      "integrity": "sha512-Db1SbgBS/fg/392AblrMJk97KggmvYhr4pB5ZIMTWtaivCPMWLkmb7m21cJvpvgK+J3nsU2CmmixNBZx4vFj/w=="
    },
    "color-convert@3.1.3": {
      "integrity": "sha512-fasDH2ont2GqF5HpyO4w0+BcewlhHEZOFn9c1ckZdHpJ56Qb7MHhH/IcJZbBGgvdtwdwNbLvxiBEdg336iA9Sg==",
      "dependencies": [
        "color-name"
      ]
    },
    "color-name@2.1.0": {
      "integrity": "sha512-1bPaDNFm0axzE4MEAzKPuqKWeRaT43U/hyxKPBdqTfmPF+d6n7FSoTFxLVULUJOmiLp01KjhIPPH+HrXZJN4Rg=="
    },
    "color-string@2.1.4": {
      "integrity": "sha512-Bb6Cq8oq0IjDOe8wJmi4JeNn763Xs9cfrBcaylK1tPypWzyoy2G3l90v9k64kjphl/ZJjPIShFztenRomi8WTg==",
      "dependencies": [
        "color-name"
      ]
    },
    "color@5.0.3": {
      "integrity": "sha512-ezmVcLR3xAVp8kYOm4GS45ZLLgIE6SPAFoduLr6hTDajwb3KZ2F46gulK3XpcwRFb5KKGCSezCBAY4Dw4HsyXA==",
      "dependencies": [
        "color-convert",
        "color-string"
      ]
    },
    "decode-uri-component@0.2.2": {
      "integrity": "sha512-FqUYQ+8o158GyGTrMFJms9qh3CqTKvAqgqsTnkLI8sKu0028orqBhxNMFkFen0zGyg6epACD32pjVk58ngIErQ=="
    },
    "diff@9.0.0": {
      "integrity": "sha512-svtcdpS8CgJyqAjEQIXdb3OjhFVVYjzGAPO8WGCmRbrml64SPw/jJD4GoE98aR7r25A0XcgrK3F02yw9R/vhQw=="
    },
    "enabled@2.0.0": {
      "integrity": "sha512-AKrN98kuwOzMIdAizXGI86UFBoo26CL21UM763y1h/GMSJ4/OHU9k2YlsmBpyScFo/wbLzWQJBMCW4+IO3/+OQ=="
    },
    "eventemitter3@5.0.4": {
      "integrity": "sha512-mlsTRyGaPBjPedk6Bvw+aqbsXDtoAyAzm5MO7JgU+yVRyMQ5O8bD4Kcci7BS85f93veegeCPkL8R4GLClnjLFw=="
    },
    "fast-xml-builder@1.2.0": {
      "integrity": "sha512-00aAWieqff+ZJhsXA4g1g7M8k+7AYoMUUHF+/zFb5U6Uv/P0Vl4QZo84/IcufzYalLuEj9928bXN9PbbFzMF0Q==",
      "dependencies": [
        "path-expression-matcher",
        "xml-naming"
      ]
    },
    "fast-xml-parser@5.9.3": {
      "integrity": "sha512-brCNCeScma/kqa54J4PIDriSSSLssRkuYaUCpvHJulGc3HGI/xxKUCTDcYkAdqJsyb//ydpbxecjC3hB9+tb/g==",
      "dependencies": [
        "@nodable/entities",
        "fast-xml-builder",
        "is-unsafe",
        "path-expression-matcher",
        "strnum",
        "xml-naming"
      ],
      "bin": true
    },
    "fecha@4.2.3": {
      "integrity": "sha512-OP2IUU6HeYKJi3i0z4A19kHMQoLVs4Hc+DPqqxI2h/DPZHTm/vjsfC6P0b4jCMy14XizLBqvndQ+UilD7707Jw=="
    },
    "filter-obj@1.1.0": {
      "integrity": "sha512-8rXg1ZnX7xzy2NGDVkBVaAy+lSlPNwad13BtgSlLuxfIslyt5Vg64U7tFcCt4WS1R0hvtnQybT/IyCkGZ3DpXQ=="
    },
    "fn.name@1.1.0": {
      "integrity": "sha512-GRnmB5gPyJpAhTQdSZTSp9uaPSvl09KoYcMQtsB9rQoOmzs9dH6ffeccH+Z+cv6P68Hu5bC6JjRh4Ah/mHSNRw=="
    },
    "inherits@2.0.4": {
      "integrity": "sha512-k/vGaX4/Yla3WzyMCvTQOXYeIHvqOKtnqBduzTHpzpQZzAskKMhZ2K+EnBiSM9zGSoIFeMpXKxa4dYeZIQqewQ=="
    },
    "ipaddr.js@2.4.0": {
      "integrity": "sha512-9VGk3HGanVE6JoZXHiCpnGy5X0jYDnN4EA4lntFPj+1vIWlFhIylq2CrrCOJH9EAhc5CYhq18F2Av2tgoAPsYQ=="
    },
    "is-stream@2.0.1": {
      "integrity": "sha512-hFoiJiTl63nn+kstHGBtewWSKnQLpyb155KHheA1l39uvtO9nWIop1p3udqPcUd/xbF1VLMO4n7OI6p7RbngDg=="
    },
    "is-unsafe@1.0.1": {
      "integrity": "sha512-CLK2+VdgERgD96EYm5lUQssZYlRg2tkZnbsxZoacmSiRxiFJ4Nk4SzjCl+Ur+v3kXIY9dTIdb3IH22y1mZ56LA=="
    },
    "kuler@2.0.0": {
      "integrity": "sha512-Xq9nH7KlWZmXAtodXDDRE7vs6DU1gTU8zYDHDiWLSip45Egwq3plLHzPn27NgvzL2r1LMPC1vdqh98sQxtqj4A=="
    },
    "lodash@4.18.1": {
      "integrity": "sha512-dMInicTPVE8d1e5otfwmmjlxkZoUpiVLwyeTdUsi/Caj/gfzzblBcCE5sRHV/AsjuCmxWrte2TNGSYuCeCq+0Q=="
    },
    "logform@2.7.0": {
      "integrity": "sha512-TFYA4jnP7PVbmlBIfhlSe+WKxs9dklXMTEGcBCIvLhE/Tn3H6Gk1norupVW7m5Cnd4bLcr08AytbyV/xj7f/kQ==",
      "dependencies": [
        "@colors/colors",
        "@types/triple-beam",
        "fecha",
        "ms",
        "safe-stable-stringify",
        "triple-beam"
      ]
    },
    "luxon@3.7.2": {
      "integrity": "sha512-vtEhXh/gNjI9Yg1u4jX/0YVPMvxzHuGgCm6tC5kZyb08yjGWGnqAjGJvcXbqQR2P3MyMEFnRbpcdFS6PBcLqew=="
    },
    "mime-db@1.52.0": {
      "integrity": "sha512-sPU4uV7dYlvtWJxwwxHD0PuihVNiE7TyAbQ5SWxDCB9mUYvOgroQOwYQQOKPJ8CIbE+1ETVlOoK1UC2nU3gYvg=="
    },
    "mime-types@2.1.35": {
      "integrity": "sha512-ZDY+bPm5zTTF+YpCrAU9nK0UgICYPT0QtT1NZWFv4s++TNkcgVaT0g6+4R2uI4MjQjzysHB1zxuWL50hzaeXiw==",
      "dependencies": [
        "mime-db"
      ]
    },
    "minio@8.0.7": {
      "integrity": "sha512-E737MgufW8CeQAsTAtnEMrxZ9scMSf29kkhZoXzDTKj/Jszzo2SfeZUH9wbDQH2Rsq6TCtl/yQL0+XdVKZansQ==",
      "dependencies": [
        "async",
        "block-stream2",
        "browser-or-node",
        "buffer-crc32",
        "eventemitter3",
        "fast-xml-parser",
        "ipaddr.js",
        "lodash",
        "mime-types",
        "query-string",
        "stream-json",
        "through2",
        "xml2js"
      ]
    },
    "ms@2.1.3": {
      "integrity": "sha512-6FlzubTLZG3J2a/NVCAleEhjzq5oxgHyaCU9yYXvcLsvoVaHJq/s5xXI6/XXP6tz7R9xAOtHnSO/tXtF3WRTlA=="
    },
    "one-time@1.0.0": {
      "integrity": "sha512-5DXOiRKwuSEcQ/l0kGCF6Q3jcADFv5tSmRaJck/OqkVFcOzutB134KRSfF0xDrL39MNnqxbHBbUUcjZIhTgb2g==",
      "dependencies": [
        "fn.name"
      ]
    },
    "path-expression-matcher@1.6.1": {
      "integrity": "sha512-h7bxdzhHk8Knyc4Tj+jMaa7fEEoUJy7p1qtbVgkYg1Uhpe5Np5VuGXCRZnkZvU+Q42M1vStt0ifa3ueykRJPmQ=="
    },
    "query-string@7.1.3": {
      "integrity": "sha512-hh2WYhq4fi8+b+/2Kg9CEge4fDPvHS534aOOvOZeQ3+Vf2mCFsaFBYj0i+iXcAq6I9Vzp5fjMFBlONvayDC1qg==",
      "dependencies": [
        "decode-uri-component",
        "filter-obj",
        "split-on-first",
        "strict-uri-encode"
      ]
    },
    "readable-stream@3.6.2": {
      "integrity": "sha512-9u/sniCrY3D5WdsERHzHE4G2YCXqoG5FTHUiCC4SIbr6XcLZBY05ya9EKjYek9O5xOAwjGq+1JdGBAS7Q9ScoA==",
      "dependencies": [
        "inherits",
        "string_decoder",
        "util-deprecate"
      ]
    },
    "safe-buffer@5.2.1": {
      "integrity": "sha512-rp3So07KcdmmKbGvgaNxQSJr7bGVSVk5S9Eq1F+ppbRo70+YeaDxkw5Dd8NPN+GD6bjnYm2VuPuCXmpuYvmCXQ=="
    },
    "safe-stable-stringify@2.5.0": {
      "integrity": "sha512-b3rppTKm9T+PsVCBEOUR46GWI7fdOs00VKZ1+9c1EWDaDMvjQc6tUwuFyIprgGgTcWoVHSKrU8H31ZHA2e0RHA=="
    },
    "sax@1.6.0": {
      "integrity": "sha512-6R3J5M4AcbtLUdZmRv2SygeVaM7IhrLXu9BmnOGmmACak8fiUtOsYNWUS4uK7upbmHIBbLBeFeI//477BKLBzA=="
    },
    "sinon@22.0.0": {
      "integrity": "sha512-sq/6DpdXOrLyfbKlXLg/Usc7xu8YXPeLkOFZRvA3bNUSA2lhbrZ06yuXbH1fkzBPCbz9O10+7hznzUsjaYNm0Q==",
      "dependencies": [
        "@sinonjs/commons",
        "@sinonjs/fake-timers",
        "@sinonjs/samsam",
        "diff"
      ]
    },
    "split-on-first@1.1.0": {
      "integrity": "sha512-43ZssAJaMusuKWL8sKUBQXHWOpq8d6CfN/u1p4gUzfJkM05C8rxTmYrkIPTXapZpORA6LkkzcUulJ8FqA7Uudw=="
    },
    "stack-trace@0.0.10": {
      "integrity": "sha512-KGzahc7puUKkzyMt+IqAep+TVNbKP+k2Lmwhub39m1AsTSkaDutx56aDCo+HLDzf/D26BIHTJWNiTG1KAJiQCg=="
    },
    "stream-chain@2.2.5": {
      "integrity": "sha512-1TJmBx6aSWqZ4tx7aTpBDXK0/e2hhcNSTV8+CbFJtDjbb+I1mZ8lHit0Grw9GRT+6JbIrrDd8esncgBi8aBXGA=="
    },
    "stream-json@1.9.1": {
      "integrity": "sha512-uWkjJ+2Nt/LO9Z/JyKZbMusL8Dkh97uUBTv3AJQ74y07lVahLY4eEFsPsE97pxYBwr8nnjMAIch5eqI0gPShyw==",
      "dependencies": [
        "stream-chain"
      ]
    },
    "strict-uri-encode@2.0.0": {
      "integrity": "sha512-QwiXZgpRcKkhTj2Scnn++4PKtWsH0kpzZ62L2R6c/LUVYv7hVnZqcg2+sMuT6R7Jusu1vviK/MFsu6kNJfWlEQ=="
    },
    "string_decoder@1.3.0": {
      "integrity": "sha512-hkRX8U1WjJFd8LsDJ2yQ/wWWxaopEsABU1XfkM8A+j0+85JAGppt16cr1Whg6KIbb4okU6Mql6BOj+uup/wKeA==",
      "dependencies": [
        "safe-buffer"
      ]
    },
    "strnum@2.4.1": {
      "integrity": "sha512-M9eUSMT2dCB2cTNPG7UYj6KuK7RJR2SN2+yCV/fTW3xzTCS6EaGZ5pSMgDIjB7r8zSfTGk+dvvn9rTjpVS9Mwg==",
      "dependencies": [
        "anynum"
      ]
    },
    "text-hex@1.0.0": {
      "integrity": "sha512-uuVGNWzgJ4yhRaNSiubPY7OjISw4sw4E5Uv0wbjp+OzcbmVU/rsT8ujgcXJhn9ypzsgr5vlzpPqP+MBBKcGvbg=="
    },
    "through2@4.0.2": {
      "integrity": "sha512-iOqSav00cVxEEICeD7TjLB1sueEL+81Wpzp2bY17uZjZN0pWZPuo4suZ/61VujxmqSGFfgOcNuTZ85QJwNZQpw==",
      "dependencies": [
        "readable-stream"
      ]
    },
    "triple-beam@1.4.1": {
      "integrity": "sha512-aZbgViZrg1QNcG+LULa7nhZpJTZSLm/mXnHXnbAbjmN5aSa0y7V+wvv6+4WaBtpISJzThKy+PIPxc1Nq1EJ9mg=="
    },
    "type-detect@4.0.8": {
      "integrity": "sha512-0fr/mIH1dlO+x7TlcMy+bIDqKPsw/70tVyeHW787goQjhmqaZe10uwLujubK9q9Lg6Fiho1KUKDYz0Z7k7g5/g=="
    },
    "type-detect@4.1.0": {
      "integrity": "sha512-Acylog8/luQ8L7il+geoSxhEkazvkslg7PSNKOX59mbB9cOveP5aq9h74Y7YU8yDpJwetzQQrfIwtf4Wp4LKcw=="
    },
    "undici-types@8.3.0": {
      "integrity": "sha512-j375ScV60dom+YkPFIfTLcOiPxkN/buHz5GobjLhixFuANaNs3C9l4GmrWqejgXWJ7BbJcFYpTEUkS1Ge8bpZQ=="
    },
    "util-deprecate@1.0.2": {
      "integrity": "sha512-EPD5q1uXyFxJpCrLnCc1nHnq3gOa6DZBocAIiI2TaSCA7VCJ1UJDMagCzIkXNsUYfD1daK//LTEQ8xiIbrHtcw=="
    },
    "winston-transport@4.9.0": {
      "integrity": "sha512-8drMJ4rkgaPo1Me4zD/3WLfI/zPdA9o2IipKODunnGDcuqbHwjsbB79ylv04LCGGzU0xQ6vTznOMpQGaLhhm6A==",
      "dependencies": [
        "logform",
        "readable-stream",
        "triple-beam"
      ]
    },
    "winston@3.19.0": {
      "integrity": "sha512-LZNJgPzfKR+/J3cHkxcpHKpKKvGfDZVPS4hfJCc4cCG0CgYzvlD6yE/S3CIL/Yt91ak327YCpiF/0MyeZHEHKA==",
      "dependencies": [
        "@colors/colors",
        "@dabh/diagnostics",
        "async",
        "is-stream",
        "logform",
        "one-time",
        "readable-stream",
        "safe-stable-stringify",
        "stack-trace",
        "triple-beam",
        "winston-transport"
      ]
    },
    "xml-naming@0.1.0": {
      "integrity": "sha512-k8KO9hrMyNk6tUWqUfkTEZbezRRpONVOzUTnc97VnCvyj6Tf9lyUR9EDAIeiVLv56jsMcoXEwjW8Kv5yPY52lw=="
    },
    "xml2js@0.6.2": {
      "integrity": "sha512-T4rieHaC1EXcES0Kxxj4JWgaUQHDk+qwHcYOCFHfiwKz7tOVPLq7Hjq9dM1WCMhylqMEfP7hMcOIChvotiZegA==",
      "dependencies": [
        "sax",
        "xmlbuilder"
      ]
    },
    "xmlbuilder@11.0.1": {
      "integrity": "sha512-fDlsI/kFEx7gLvbecc0/ohLG50fugQp8ryHzMTuW9vSa1GJ0XYWKnhsUx7oie3G98+r56aTQIUB4kht42R3JvA=="
    }
  },
  "redirects": {
    "https://deno.land/std/assert/mod.ts": "https://deno.land/std@0.224.0/assert/mod.ts"
  },
  "remote": {
    "https://deno.land/std@0.224.0/assert/_constants.ts": "a271e8ef5a573f1df8e822a6eb9d09df064ad66a4390f21b3e31f820a38e0975",
    "https://deno.land/std@0.224.0/assert/assert.ts": "09d30564c09de846855b7b071e62b5974b001bb72a4b797958fe0660e7849834",
    "https://deno.land/std@0.224.0/assert/assert_almost_equals.ts": "9e416114322012c9a21fa68e187637ce2d7df25bcbdbfd957cd639e65d3cf293",
    "https://deno.land/std@0.224.0/assert/assert_array_includes.ts": "14c5094471bc8e4a7895fc6aa5a184300d8a1879606574cb1cd715ef36a4a3c7",
    "https://deno.land/std@0.224.0/assert/assert_equals.ts": "3bbca947d85b9d374a108687b1a8ba3785a7850436b5a8930d81f34a32cb8c74",
    "https://deno.land/std@0.224.0/assert/assert_exists.ts": "43420cf7f956748ae6ed1230646567b3593cb7a36c5a5327269279c870c5ddfd",
    "https://deno.land/std@0.224.0/assert/assert_false.ts": "3e9be8e33275db00d952e9acb0cd29481a44fa0a4af6d37239ff58d79e8edeff",
    "https://deno.land/std@0.224.0/assert/assert_greater.ts": "5e57b201fd51b64ced36c828e3dfd773412c1a6120c1a5a99066c9b261974e46",
    "https://deno.land/std@0.224.0/assert/assert_greater_or_equal.ts": "9870030f997a08361b6f63400273c2fb1856f5db86c0c3852aab2a002e425c5b",
    "https://deno.land/std@0.224.0/assert/assert_instance_of.ts": "e22343c1fdcacfaea8f37784ad782683ec1cf599ae9b1b618954e9c22f376f2c",
    "https://deno.land/std@0.224.0/assert/assert_is_error.ts": "f856b3bc978a7aa6a601f3fec6603491ab6255118afa6baa84b04426dd3cc491",
    "https://deno.land/std@0.224.0/assert/assert_less.ts": "60b61e13a1982865a72726a5fa86c24fad7eb27c3c08b13883fb68882b307f68",
    "https://deno.land/std@0.224.0/assert/assert_less_or_equal.ts": "d2c84e17faba4afe085e6c9123a63395accf4f9e00150db899c46e67420e0ec3",
    "https://deno.land/std@0.224.0/assert/assert_match.ts": "ace1710dd3b2811c391946954234b5da910c5665aed817943d086d4d4871a8b7",
    "https://deno.land/std@0.224.0/assert/assert_not_equals.ts": "78d45dd46133d76ce624b2c6c09392f6110f0df9b73f911d20208a68dee2ef29",
    "https://deno.land/std@0.224.0/assert/assert_not_instance_of.ts": "3434a669b4d20cdcc5359779301a0588f941ffdc2ad68803c31eabdb4890cf7a",
    "https://deno.land/std@0.224.0/assert/assert_not_match.ts": "df30417240aa2d35b1ea44df7e541991348a063d9ee823430e0b58079a72242a",
    "https://deno.land/std@0.224.0/assert/assert_not_strict_equals.ts": "37f73880bd672709373d6dc2c5f148691119bed161f3020fff3548a0496f71b8",
    "https://deno.land/std@0.224.0/assert/assert_object_match.ts": "411450fd194fdaabc0089ae68f916b545a49d7b7e6d0026e84a54c9e7eed2693",
    "https://deno.land/std@0.224.0/assert/assert_rejects.ts": "4bee1d6d565a5b623146a14668da8f9eb1f026a4f338bbf92b37e43e0aa53c31",
    "https://deno.land/std@0.224.0/assert/assert_strict_equals.ts": "b4f45f0fd2e54d9029171876bd0b42dd9ed0efd8f853ab92a3f50127acfa54f5",
    "https://deno.land/std@0.224.0/assert/assert_string_includes.ts": "496b9ecad84deab72c8718735373feb6cdaa071eb91a98206f6f3cb4285e71b8",
    "https://deno.land/std@0.224.0/assert/assert_throws.ts": "c6508b2879d465898dab2798009299867e67c570d7d34c90a2d235e4553906eb",
    "https://deno.land/std@0.224.0/assert/assertion_error.ts": "ba8752bd27ebc51f723702fac2f54d3e94447598f54264a6653d6413738a8917",
    "https://deno.land/std@0.224.0/assert/equal.ts": "bddf07bb5fc718e10bb72d5dc2c36c1ce5a8bdd3b647069b6319e07af181ac47",
    "https://deno.land/std@0.224.0/assert/fail.ts": "0eba674ffb47dff083f02ced76d5130460bff1a9a68c6514ebe0cdea4abadb68",
    "https://deno.land/std@0.224.0/assert/mod.ts": "48b8cb8a619ea0b7958ad7ee9376500fe902284bb36f0e32c598c3dc34cbd6f3",
    "https://deno.land/std@0.224.0/assert/unimplemented.ts": "8c55a5793e9147b4f1ef68cd66496b7d5ba7a9e7ca30c6da070c1a58da723d73",
    "https://deno.land/std@0.224.0/assert/unreachable.ts": "5ae3dbf63ef988615b93eb08d395dda771c96546565f9e521ed86f6510c29e19",
    "https://deno.land/std@0.224.0/fmt/colors.ts": "508563c0659dd7198ba4bbf87e97f654af3c34eb56ba790260f252ad8012e1c5",
    "https://deno.land/std@0.224.0/internal/diff.ts": "6234a4b493ebe65dc67a18a0eb97ef683626a1166a1906232ce186ae9f65f4e6",
    "https://deno.land/std@0.224.0/internal/format.ts": "0a98ee226fd3d43450245b1844b47003419d34d210fa989900861c79820d21c2",
    "https://deno.land/std@0.224.0/internal/mod.ts": "534125398c8e7426183e12dc255bb635d94e06d0f93c60a297723abe69d3b22e",
    "https://esm.sh/@bunny.net/edgescript-sdk@0.11.2": "7732aa338bf5f0c7d13e294c15833416d4bad59807de874c59f36c1f81acd935",
    "https://esm.sh/jsr/@hono/hono@4.6.10": "cf6e6ff70376b2ed1dc2c03b0ea0e0ddb94a750b9924731c8c1f355d028cffb2",
    "https://esm.sh/jsr/@hono/hono@4.6.10/cors": "dc14db48bfb6d71008ebfd7c8eb51aa46b7b3e0f505348fca3693d3fdd32abe1",
    "https://esm.sh/jsr/@hono/hono@4.6.10/etag": "c55cd5ff11fe9c8c16e49fc94064a4c6d949f6b0f9bc1731fb4498765ed0a8a2",
    "https://esm.sh/jsr/@hono/hono@4.6.10/pretty-json": "9dc73628b94c63f8bcf804e1881939ede133f98a57913f46759159a60e54c464",
    "https://esm.sh/v135/@bunny.net/edgescript-sdk@0.11.2/denonext/edgescript-sdk.mjs": "e8171a66904061537db78a8c5fe20a8e47788056fa85d99dfdd1fb7167f89a70",
    "https://esm.sh/v135/@jsr/hono__hono@4.6.10/denonext/cors.js": "fbc5b1adc0d2c86c31cd3d20182bc1faf313cddae89e2bb1da3b61afe09b9bd9",
    "https://esm.sh/v135/@jsr/hono__hono@4.6.10/denonext/etag.js": "f39b885b71ea152b7a2ea2aa5a2201abd8301e6be1d294f10822c2f70b80f9cf",
    "https://esm.sh/v135/@jsr/hono__hono@4.6.10/denonext/hono-base.js": "2ad8ffc6f9e52c3d0f300a9633ac0359fb16b474fa0cc46f5d99b549b809271b",
    "https://esm.sh/v135/@jsr/hono__hono@4.6.10/denonext/hono__hono.mjs": "c1bea804a3fec7e885ea3ea3bfeac86eca252b816d4ac70c53d9099fc51026c6",
    "https://esm.sh/v135/@jsr/hono__hono@4.6.10/denonext/pretty-json.js": "dc4b6e51d5f5d7eb225915f39e2036d2a2b5d2b0ca4a19d2b57ec5166c14e5d0",
    "https://esm.sh/v135/@jsr/hono__hono@4.6.10/denonext/request.js": "2527a9eaccc9507e22b4957f7e0aa9693a06ffe1742a5f1d879b934749fae51c",
    "https://esm.sh/v135/@jsr/hono__hono@4.6.10/denonext/router.js": "6a68f950b009de40bf885125b69c7411244d6d1a17f232cf5eb656b36edbb12f",
    "https://esm.sh/v135/@jsr/hono__hono@4.6.10/denonext/router/reg-exp-router.js": "46e2bb114d1e845d0dab41a5e291f474155c5bed77845b158ff1f8a83a6b01fc",
    "https://esm.sh/v135/@jsr/hono__hono@4.6.10/denonext/router/smart-router.js": "0f6f98361f32f17caf439c8b4824f6856ca5f31a3f20e615a78fb1a97503a107",
    "https://esm.sh/v135/@jsr/hono__hono@4.6.10/denonext/router/trie-router.js": "64b9cbb405cac8fee816a37cd21b0536da1701764a6122dc885b81858166b443",
    "https://esm.sh/v135/@jsr/hono__hono@4.6.10/denonext/utils/body.js": "2698eef74153030f395ca86560d5af63786d103af17d82eae23ccf6ae3b43fab",
    "https://esm.sh/v135/@jsr/hono__hono@4.6.10/denonext/utils/html.js": "cef8ce2d9fc48aabf06c0935eb7e4a62d117c278bf084686113bd6cde835a6e6",
    "https://esm.sh/v135/@jsr/hono__hono@4.6.10/denonext/utils/url.js": "0f5d76b7f749814518f38f3dfa29cd6f7cfadb4d263271ef944e474356104b1c"
  },
  "workspace": {
    "dependencies": [
      "jsr:@cross/test@^0.0.14",
      "jsr:@std/assert@^1.0.19",
      "npm:@biomejs/biome@^2.5.3",
      "npm:@types/node@^26.0.1",
      "npm:sinon@22"
    ],
    "members": {
      "check-required-env": {
        "dependencies": [
          "jsr:@frytg/logger@0.0.3"
        ]
      },
      "dates": {
        "dependencies": [
          "jsr:@std/fmt@^1.0.10",
          "npm:@types/luxon@^3.7.2",
          "npm:luxon@^3.7.2"
        ]
      },
      "logger": {
        "dependencies": [
          "npm:winston@^3.19.0"
        ]
      },
      "storage-s3": {
        "dependencies": [
          "npm:minio@^8.0.7"
        ]
      }
    }
  }
}
