{
  "version": "4",
  "specifiers": {
    "jsr:@cross/runtime@1": "1.1.0",
    "jsr:@cross/test@^0.0.10": "0.0.10",
    "jsr:@frytg/logger@0.0.2": "0.0.2",
    "jsr:@std/assert@^1.0.10": "1.0.10",
    "jsr:@std/fmt@^1.0.3": "1.0.3",
    "jsr:@std/internal@^1.0.5": "1.0.5",
    "npm:@biomejs/biome@1.9.4": "1.9.4",
    "npm:@biomejs/biome@^1.9.4": "1.9.4",
    "npm:@types/luxon@^3.4.2": "3.4.2",
    "npm:@types/node@*": "22.5.4",
    "npm:@types/node@^22.10.2": "22.10.2",
    "npm:luxon@^3.5.0": "3.5.0",
    "npm:minio@^8.0.3": "8.0.3",
    "npm:sinon@^19.0.2": "19.0.2",
    "npm:winston@^3.17.0": "3.17.0"
  },
  "jsr": {
    "@cross/runtime@1.1.0": {
      "integrity": "f35a3b768a9de125277329483b684062ffc9ee86f4449cb8b3d614adcad64ffb"
    },
    "@cross/test@0.0.10": {
      "integrity": "5f235cdd927d5551d692bc413458625552d299bc5471baf18180e4287cf4ac20",
      "dependencies": [
        "jsr:@cross/runtime"
      ]
    },
    "@frytg/logger@0.0.2": {
      "integrity": "dc62281aa498bb33e55084a8bdbf90893ea5d82d4628828ff810f6746d3bfcc5",
      "dependencies": [
        "npm:winston"
      ]
    },
    "@std/assert@1.0.10": {
      "integrity": "59b5cbac5bd55459a19045d95cc7c2ff787b4f8527c0dd195078ff6f9481fbb3",
      "dependencies": [
        "jsr:@std/internal"
      ]
    },
    "@std/fmt@1.0.3": {
      "integrity": "97765c16aa32245ff4e2204ecf7d8562496a3cb8592340a80e7e554e0bb9149f"
    },
    "@std/internal@1.0.5": {
      "integrity": "54a546004f769c1ac9e025abd15a76b6671ddc9687e2313b67376125650dc7ba"
    }
  },
  "npm": {
    "@biomejs/biome@1.9.4": {
      "integrity": "sha512-1rkd7G70+o9KkTn5KLmDYXihGoTaIGO9PIIN2ZB7UJxFrWw04CZHPYiMRjYsaDvVV7hP1dYNRLxSANLaBFGpog==",
      "dependencies": [
        "@biomejs/cli-darwin-arm64",
        "@biomejs/cli-darwin-x64",
        "@biomejs/cli-linux-arm64",
        "@biomejs/cli-linux-arm64-musl",
        "@biomejs/cli-linux-x64",
        "@biomejs/cli-linux-x64-musl",
        "@biomejs/cli-win32-arm64",
        "@biomejs/cli-win32-x64"
      ]
    },
    "@biomejs/cli-darwin-arm64@1.9.4": {
      "integrity": "sha512-bFBsPWrNvkdKrNCYeAp+xo2HecOGPAy9WyNyB/jKnnedgzl4W4Hb9ZMzYNbf8dMCGmUdSavlYHiR01QaYR58cw=="
    },
    "@biomejs/cli-darwin-x64@1.9.4": {
      "integrity": "sha512-ngYBh/+bEedqkSevPVhLP4QfVPCpb+4BBe2p7Xs32dBgs7rh9nY2AIYUL6BgLw1JVXV8GlpKmb/hNiuIxfPfZg=="
    },
    "@biomejs/cli-linux-arm64-musl@1.9.4": {
      "integrity": "sha512-v665Ct9WCRjGa8+kTr0CzApU0+XXtRgwmzIf1SeKSGAv+2scAlW6JR5PMFo6FzqqZ64Po79cKODKf3/AAmECqA=="
    },
    "@biomejs/cli-linux-arm64@1.9.4": {
      "integrity": "sha512-fJIW0+LYujdjUgJJuwesP4EjIBl/N/TcOX3IvIHJQNsAqvV2CHIogsmA94BPG6jZATS4Hi+xv4SkBBQSt1N4/g=="
    },
    "@biomejs/cli-linux-x64-musl@1.9.4": {
      "integrity": "sha512-gEhi/jSBhZ2m6wjV530Yy8+fNqG8PAinM3oV7CyO+6c3CEh16Eizm21uHVsyVBEB6RIM8JHIl6AGYCv6Q6Q9Tg=="
    },
    "@biomejs/cli-linux-x64@1.9.4": {
      "integrity": "sha512-lRCJv/Vi3Vlwmbd6K+oQ0KhLHMAysN8lXoCI7XeHlxaajk06u7G+UsFSO01NAs5iYuWKmVZjmiOzJ0OJmGsMwg=="
    },
    "@biomejs/cli-win32-arm64@1.9.4": {
      "integrity": "sha512-tlbhLk+WXZmgwoIKwHIHEBZUwxml7bRJgk0X2sPyNR3S93cdRq6XulAZRQJ17FYGGzWne0fgrXBKpl7l4M87Hg=="
    },
    "@biomejs/cli-win32-x64@1.9.4": {
      "integrity": "sha512-8Y5wMhVIPaWe6jw2H+KlEm4wP/f7EW3810ZLmDlrEEy5KvBsb9ECEfu/kMWD484ijfQ8+nIi0giMgu9g1UAuuA=="
    },
    "@colors/colors@1.6.0": {
      "integrity": "sha512-Ir+AOibqzrIsL6ajt3Rz3LskB7OiMVHqltZmspbW/TJuTVuyOMirVqAkjfY6JISiLHgyNqicAC8AyHHGzNd/dA=="
    },
    "@dabh/diagnostics@2.0.3": {
      "integrity": "sha512-hrlQOIi7hAfzsMqlGSFyVucrx38O+j6wiGOf//H2ecvIEqYN4ADBSS2iLMh5UFyDunCNniUIPk/q3riFv45xRA==",
      "dependencies": [
        "colorspace",
        "enabled",
        "kuler"
      ]
    },
    "@sinonjs/commons@3.0.1": {
      "integrity": "sha512-K3mCHKQ9sVh8o1C9cxkwxaOmXoAMlDxC1mYyHrjqOWEcBjYr76t96zL2zlj5dUGZ3HSw240X1qgH3Mjf1yJWpQ==",
      "dependencies": [
        "type-detect@4.0.8"
      ]
    },
    "@sinonjs/fake-timers@13.0.5": {
      "integrity": "sha512-36/hTbH2uaWuGVERyC6da9YwGWnzUZXuPro/F2LfsdOsLnCojz/iSH8MxUt/FD2S5XBSVPhmArFUXcpCQ2Hkiw==",
      "dependencies": [
        "@sinonjs/commons"
      ]
    },
    "@sinonjs/samsam@8.0.2": {
      "integrity": "sha512-v46t/fwnhejRSFTGqbpn9u+LQ9xJDse10gNnPgAcxgdoCDMXj/G2asWAC/8Qs+BAZDicX+MNZouXT1A7c83kVw==",
      "dependencies": [
        "@sinonjs/commons",
        "lodash.get",
        "type-detect@4.1.0"
      ]
    },
    "@sinonjs/text-encoding@0.7.3": {
      "integrity": "sha512-DE427ROAphMQzU4ENbliGYrBSYPXF+TtLg9S8vzeA+OF4ZKzoDdzfL8sxuMUGS/lgRhM6j1URSk9ghf7Xo1tyA=="
    },
    "@types/luxon@3.4.2": {
      "integrity": "sha512-TifLZlFudklWlMBfhubvgqTXRzLDI5pCbGa4P8a3wPyUQSW+1xQ5eDsreP9DWHX3tjq1ke96uYG/nwundroWcA=="
    },
    "@types/node@22.10.2": {
      "integrity": "sha512-Xxr6BBRCAOQixvonOye19wnzyDiUtTeqldOOmj3CkeblonbccA12PFwlufvRdrpjXxqnmUaeiU5EOA+7s5diUQ==",
      "dependencies": [
        "undici-types@6.20.0"
      ]
    },
    "@types/node@22.5.4": {
      "integrity": "sha512-FDuKUJQm/ju9fT/SeX/6+gBzoPzlVCzfzmGkwKvRHQVxi4BntVbyIwf6a4Xn62mrvndLiml6z/UBXIdEVjQLXg==",
      "dependencies": [
        "undici-types@6.19.8"
      ]
    },
    "@types/triple-beam@1.3.5": {
      "integrity": "sha512-6WaYesThRMCl19iryMYP7/x2OVgCtbIVflDGFpWnb9irXI3UjYE4AzmYuiUKY1AJstGijoY+MgUszMgRxIYTYw=="
    },
    "@zxing/text-encoding@0.9.0": {
      "integrity": "sha512-U/4aVJ2mxI0aDNI8Uq0wEhMgY+u4CNtEb0om3+y3+niDAsoTCOB33UF0sxpzqzdqXLqmvc+vZyAt4O8pPdfkwA=="
    },
    "async@3.2.6": {
      "integrity": "sha512-htCUDlxyyCLMgaM3xXg0C0LW2xqfuQ6p05pCEIsXuyQ+a1koYKTuBMzRNwmybfLgvJDMd0r1LTn4+E0Ti6C2AA=="
    },
    "available-typed-arrays@1.0.7": {
      "integrity": "sha512-wvUjBtSGN7+7SjNpq/9M2Tg350UZD3q62IFZLbRAR1bSMlCo1ZaeW+BJ+D090e4hIIZLBcTDWe4Mh4jvUDajzQ==",
      "dependencies": [
        "possible-typed-array-names"
      ]
    },
    "block-stream2@2.1.0": {
      "integrity": "sha512-suhjmLI57Ewpmq00qaygS8UgEq2ly2PCItenIyhMqVjo4t4pGzqMvfgJuX8iWTeSDdfSSqS6j38fL4ToNL7Pfg==",
      "dependencies": [
        "readable-stream"
      ]
    },
    "browser-or-node@2.1.1": {
      "integrity": "sha512-8CVjaLJGuSKMVTxJ2DpBl5XnlNDiT4cQFeuCJJrvJmts9YrTZDizTX7PjC2s6W4x+MBGZeEY6dGMrF04/6Hgqg=="
    },
    "buffer-crc32@1.0.0": {
      "integrity": "sha512-Db1SbgBS/fg/392AblrMJk97KggmvYhr4pB5ZIMTWtaivCPMWLkmb7m21cJvpvgK+J3nsU2CmmixNBZx4vFj/w=="
    },
    "call-bind-apply-helpers@1.0.1": {
      "integrity": "sha512-BhYE+WDaywFg2TBWYNXAE+8B1ATnThNBqXHP5nQu0jWJdVvY2hvkpyB3qOmtmDePiS5/BDQ8wASEWGMWRG148g==",
      "dependencies": [
        "es-errors",
        "function-bind"
      ]
    },
    "call-bind@1.0.8": {
      "integrity": "sha512-oKlSFMcMwpUg2ednkhQ454wfWiU/ul3CkJe/PEHcTKuiX6RpbehUiFMXu13HalGZxfUwCQzZG747YXBn1im9ww==",
      "dependencies": [
        "call-bind-apply-helpers",
        "es-define-property",
        "get-intrinsic",
        "set-function-length"
      ]
    },
    "call-bound@1.0.3": {
      "integrity": "sha512-YTd+6wGlNlPxSuri7Y6X8tY2dmm12UMH66RpKMhiX6rsk5wXXnYgbUcOt8kiS31/AjfoTOvCsE+w8nZQLQnzHA==",
      "dependencies": [
        "call-bind-apply-helpers",
        "get-intrinsic"
      ]
    },
    "color-convert@1.9.3": {
      "integrity": "sha512-QfAUtd+vFdAtFQcC8CCyYt1fYWxSqAiK2cSD6zDB8N3cpsEBAvRxp9zOGg6G/SHHJYAT88/az/IuDGALsNVbGg==",
      "dependencies": [
        "color-name"
      ]
    },
    "color-name@1.1.3": {
      "integrity": "sha512-72fSenhMw2HZMTVHeCA9KCmpEIbzWiQsjN+BHcBbS9vr1mtt+vJjPdksIBNUmKAW8TFUDPJK5SUU3QhE9NEXDw=="
    },
    "color-string@1.9.1": {
      "integrity": "sha512-shrVawQFojnZv6xM40anx4CkoDP+fZsw/ZerEMsW/pyzsRbElpsL/DBVW7q3ExxwusdNXI3lXpuhEZkzs8p5Eg==",
      "dependencies": [
        "color-name",
        "simple-swizzle"
      ]
    },
    "color@3.2.1": {
      "integrity": "sha512-aBl7dZI9ENN6fUGC7mWpMTPNHmWUSNan9tuWN6ahh5ZLNk9baLJOnSMlrQkHcrfFgz2/RigjUVAjdx36VcemKA==",
      "dependencies": [
        "color-convert",
        "color-string"
      ]
    },
    "colorspace@1.1.4": {
      "integrity": "sha512-BgvKJiuVu1igBUF2kEjRCZXol6wiiGbY5ipL/oVPwm0BL9sIpMIzM8IK7vwuxIIzOXMV3Ey5w+vxhm0rR/TN8w==",
      "dependencies": [
        "color",
        "text-hex"
      ]
    },
    "decode-uri-component@0.2.2": {
      "integrity": "sha512-FqUYQ+8o158GyGTrMFJms9qh3CqTKvAqgqsTnkLI8sKu0028orqBhxNMFkFen0zGyg6epACD32pjVk58ngIErQ=="
    },
    "define-data-property@1.1.4": {
      "integrity": "sha512-rBMvIzlpA8v6E+SJZoo++HAYqsLrkg7MSfIinMPFhmkorw7X+dOXVJQs+QT69zGkzMyfDnIMN2Wid1+NbL3T+A==",
      "dependencies": [
        "es-define-property",
        "es-errors",
        "gopd"
      ]
    },
    "diff@7.0.0": {
      "integrity": "sha512-PJWHUb1RFevKCwaFA9RlG5tCd+FO5iRh9A8HEtkmBH2Li03iJriB6m6JIN4rGz3K3JLawI7/veA1xzRKP6ISBw=="
    },
    "dunder-proto@1.0.1": {
      "integrity": "sha512-KIN/nDJBQRcXw0MLVhZE9iQHmG68qAVIBg9CqmUYjmQIhgij9U5MFvrqkUL5FbtyyzZuOeOt0zdeRe4UY7ct+A==",
      "dependencies": [
        "call-bind-apply-helpers",
        "es-errors",
        "gopd"
      ]
    },
    "enabled@2.0.0": {
      "integrity": "sha512-AKrN98kuwOzMIdAizXGI86UFBoo26CL21UM763y1h/GMSJ4/OHU9k2YlsmBpyScFo/wbLzWQJBMCW4+IO3/+OQ=="
    },
    "es-define-property@1.0.1": {
      "integrity": "sha512-e3nRfgfUZ4rNGL232gUgX06QNyyez04KdjFrF+LTRoOXmrOgFKDg4BCdsjW8EnT69eqdYGmRpJwiPVYNrCaW3g=="
    },
    "es-errors@1.3.0": {
      "integrity": "sha512-Zf5H2Kxt2xjTvbJvP2ZWLEICxA6j+hAmMzIlypy4xcBg1vKVnx89Wy0GbS+kf5cwCVFFzdCFh2XSCFNULS6csw=="
    },
    "es-object-atoms@1.0.0": {
      "integrity": "sha512-MZ4iQ6JwHOBQjahnjwaC1ZtIBH+2ohjamzAO3oaHcXYup7qxjF2fixyH+Q71voWHeOkI2q/TnJao/KfXYIZWbw==",
      "dependencies": [
        "es-errors"
      ]
    },
    "eventemitter3@5.0.1": {
      "integrity": "sha512-GWkBvjiSZK87ELrYOSESUYeVIc9mvLLf/nXalMOS5dYrgZq9o5OVkbZAVM06CVxYsCwH9BDZFPlQTlPA1j4ahA=="
    },
    "fast-xml-parser@4.5.1": {
      "integrity": "sha512-y655CeyUQ+jj7KBbYMc4FG01V8ZQqjN+gDYGJ50RtfsUB8iG9AmwmwoAgeKLJdmueKKMrH1RJ7yXHTSoczdv5w==",
      "dependencies": [
        "strnum"
      ]
    },
    "fecha@4.2.3": {
      "integrity": "sha512-OP2IUU6HeYKJi3i0z4A19kHMQoLVs4Hc+DPqqxI2h/DPZHTm/vjsfC6P0b4jCMy14XizLBqvndQ+UilD7707Jw=="
    },
    "filter-obj@1.1.0": {
      "integrity": "sha512-8rXg1ZnX7xzy2NGDVkBVaAy+lSlPNwad13BtgSlLuxfIslyt5Vg64U7tFcCt4WS1R0hvtnQybT/IyCkGZ3DpXQ=="
    },
    "fn.name@1.1.0": {
      "integrity": "sha512-GRnmB5gPyJpAhTQdSZTSp9uaPSvl09KoYcMQtsB9rQoOmzs9dH6ffeccH+Z+cv6P68Hu5bC6JjRh4Ah/mHSNRw=="
    },
    "for-each@0.3.3": {
      "integrity": "sha512-jqYfLp7mo9vIyQf8ykW2v7A+2N4QjeCeI5+Dz9XraiO1ign81wjiH7Fb9vSOWvQfNtmSa4H2RoQTrrXivdUZmw==",
      "dependencies": [
        "is-callable"
      ]
    },
    "function-bind@1.1.2": {
      "integrity": "sha512-7XHNxH7qX9xG5mIwxkhumTox/MIRNcOgDrxWsMt2pAr23WHp6MrRlN7FBSFpCpr+oVO0F744iUgR82nJMfG2SA=="
    },
    "get-intrinsic@1.2.6": {
      "integrity": "sha512-qxsEs+9A+u85HhllWJJFicJfPDhRmjzoYdl64aMWW9yRIJmSyxdn8IEkuIM530/7T+lv0TIHd8L6Q/ra0tEoeA==",
      "dependencies": [
        "call-bind-apply-helpers",
        "dunder-proto",
        "es-define-property",
        "es-errors",
        "es-object-atoms",
        "function-bind",
        "gopd",
        "has-symbols",
        "hasown",
        "math-intrinsics"
      ]
    },
    "gopd@1.2.0": {
      "integrity": "sha512-ZUKRh6/kUFoAiTAtTYPZJ3hw9wNxx+BIBOijnlG9PnrJsCcSjs1wyyD6vJpaYtgnzDrKYRSqf3OO6Rfa93xsRg=="
    },
    "has-flag@4.0.0": {
      "integrity": "sha512-EykJT/Q1KjTWctppgIAgfSO0tKVuZUjhgMr17kqTumMl6Afv3EISleU7qZUzoXDFTAHTDC4NOoG/ZxU3EvlMPQ=="
    },
    "has-property-descriptors@1.0.2": {
      "integrity": "sha512-55JNKuIW+vq4Ke1BjOTjM2YctQIvCT7GFzHwmfZPGo5wnrgkid0YQtnAleFSqumZm4az3n2BS+erby5ipJdgrg==",
      "dependencies": [
        "es-define-property"
      ]
    },
    "has-symbols@1.1.0": {
      "integrity": "sha512-1cDNdwJ2Jaohmb3sg4OmKaMBwuC48sYni5HUw2DvsC8LjGTLK9h+eb1X6RyuOHe4hT0ULCW68iomhjUoKUqlPQ=="
    },
    "has-tostringtag@1.0.2": {
      "integrity": "sha512-NqADB8VjPFLM2V0VvHUewwwsw0ZWBaIdgo+ieHtK3hasLz4qeCRjYcqfB6AQrBggRKppKF8L52/VqdVsO47Dlw==",
      "dependencies": [
        "has-symbols"
      ]
    },
    "hasown@2.0.2": {
      "integrity": "sha512-0hJU9SCPvmMzIBdZFqNPXWa6dqh7WdH0cII9y+CyS8rG3nL48Bclra9HmKhVVUHyPWNH5Y7xDwAB7bfgSjkUMQ==",
      "dependencies": [
        "function-bind"
      ]
    },
    "inherits@2.0.4": {
      "integrity": "sha512-k/vGaX4/Yla3WzyMCvTQOXYeIHvqOKtnqBduzTHpzpQZzAskKMhZ2K+EnBiSM9zGSoIFeMpXKxa4dYeZIQqewQ=="
    },
    "ipaddr.js@2.2.0": {
      "integrity": "sha512-Ag3wB2o37wslZS19hZqorUnrnzSkpOVy+IiiDEiTqNubEYpYuHWIf6K4psgN2ZWKExS4xhVCrRVfb/wfW8fWJA=="
    },
    "is-arguments@1.2.0": {
      "integrity": "sha512-7bVbi0huj/wrIAOzb8U1aszg9kdi3KN/CyU19CTI7tAoZYEZoL9yCDXpbXN+uPsuWnP02cyug1gleqq+TU+YCA==",
      "dependencies": [
        "call-bound",
        "has-tostringtag"
      ]
    },
    "is-arrayish@0.3.2": {
      "integrity": "sha512-eVRqCvVlZbuw3GrM63ovNSNAeA1K16kaR/LRY/92w0zxQ5/1YzwblUX652i4Xs9RwAGjW9d9y6X88t8OaAJfWQ=="
    },
    "is-callable@1.2.7": {
      "integrity": "sha512-1BC0BVFhS/p0qtw6enp8e+8OD0UrK0oFLztSjNzhcKA3WDuJxxAPXzPuPtKkjEY9UUoEWlX/8fgKeu2S8i9JTA=="
    },
    "is-generator-function@1.0.10": {
      "integrity": "sha512-jsEjy9l3yiXEQ+PsXdmBwEPcOxaXWLspKdplFUVI9vq1iZgIekeC0L167qeu86czQaxed3q/Uzuw0swL0irL8A==",
      "dependencies": [
        "has-tostringtag"
      ]
    },
    "is-stream@2.0.1": {
      "integrity": "sha512-hFoiJiTl63nn+kstHGBtewWSKnQLpyb155KHheA1l39uvtO9nWIop1p3udqPcUd/xbF1VLMO4n7OI6p7RbngDg=="
    },
    "is-typed-array@1.1.15": {
      "integrity": "sha512-p3EcsicXjit7SaskXHs1hA91QxgTw46Fv6EFKKGS5DRFLD8yKnohjF3hxoju94b/OcMZoQukzpPpBE9uLVKzgQ==",
      "dependencies": [
        "which-typed-array"
      ]
    },
    "just-extend@6.2.0": {
      "integrity": "sha512-cYofQu2Xpom82S6qD778jBDpwvvy39s1l/hrYij2u9AMdQcGRpaBu6kY4mVhuno5kJVi1DAz4aiphA2WI1/OAw=="
    },
    "kuler@2.0.0": {
      "integrity": "sha512-Xq9nH7KlWZmXAtodXDDRE7vs6DU1gTU8zYDHDiWLSip45Egwq3plLHzPn27NgvzL2r1LMPC1vdqh98sQxtqj4A=="
    },
    "lodash.get@4.4.2": {
      "integrity": "sha512-z+Uw/vLuy6gQe8cfaFWD7p0wVv8fJl3mbzXh33RS+0oW2wvUqiRXiQ69gLWSLpgB5/6sU+r6BlQR0MBILadqTQ=="
    },
    "lodash@4.17.21": {
      "integrity": "sha512-v2kDEe57lecTulaDIuNTPy3Ry4gLGJ6Z1O3vE1krgXZNrsQ+LFTGHVxVjcXPs17LhbZVGedAJv8XZ1tvj5FvSg=="
    },
    "logform@2.7.0": {
      "integrity": "sha512-TFYA4jnP7PVbmlBIfhlSe+WKxs9dklXMTEGcBCIvLhE/Tn3H6Gk1norupVW7m5Cnd4bLcr08AytbyV/xj7f/kQ==",
      "dependencies": [
        "@colors/colors",
        "@types/triple-beam",
        "fecha",
        "ms",
        "safe-stable-stringify",
        "triple-beam"
      ]
    },
    "luxon@3.5.0": {
      "integrity": "sha512-rh+Zjr6DNfUYR3bPwJEnuwDdqMbxZW7LOQfUN4B54+Cl+0o5zaU9RJ6bcidfDtC1cWCZXQ+nvX8bf6bAji37QQ=="
    },
    "math-intrinsics@1.1.0": {
      "integrity": "sha512-/IXtbwEk5HTPyEwyKX6hGkYXxM9nbj64B+ilVJnC/R6B0pH5G4V3b0pVbL7DBj4tkhBAppbQUlf6F6Xl9LHu1g=="
    },
    "mime-db@1.52.0": {
      "integrity": "sha512-sPU4uV7dYlvtWJxwwxHD0PuihVNiE7TyAbQ5SWxDCB9mUYvOgroQOwYQQOKPJ8CIbE+1ETVlOoK1UC2nU3gYvg=="
    },
    "mime-types@2.1.35": {
      "integrity": "sha512-ZDY+bPm5zTTF+YpCrAU9nK0UgICYPT0QtT1NZWFv4s++TNkcgVaT0g6+4R2uI4MjQjzysHB1zxuWL50hzaeXiw==",
      "dependencies": [
        "mime-db"
      ]
    },
    "minio@8.0.3": {
      "integrity": "sha512-+FIYQ+HZ5GrBjEmIYienRgEikqaTWAflXIV5lJOtUzfYxn3NvjQx7BsJSORXExlqgzWxKTWsqkyk2wiyFjs9/w==",
      "dependencies": [
        "async",
        "block-stream2",
        "browser-or-node",
        "buffer-crc32",
        "eventemitter3",
        "fast-xml-parser",
        "ipaddr.js",
        "lodash",
        "mime-types",
        "query-string",
        "stream-json",
        "through2",
        "web-encoding",
        "xml2js"
      ]
    },
    "ms@2.1.3": {
      "integrity": "sha512-6FlzubTLZG3J2a/NVCAleEhjzq5oxgHyaCU9yYXvcLsvoVaHJq/s5xXI6/XXP6tz7R9xAOtHnSO/tXtF3WRTlA=="
    },
    "nise@6.1.1": {
      "integrity": "sha512-aMSAzLVY7LyeM60gvBS423nBmIPP+Wy7St7hsb+8/fc1HmeoHJfLO8CKse4u3BtOZvQLJghYPI2i/1WZrEj5/g==",
      "dependencies": [
        "@sinonjs/commons",
        "@sinonjs/fake-timers",
        "@sinonjs/text-encoding",
        "just-extend",
        "path-to-regexp"
      ]
    },
    "one-time@1.0.0": {
      "integrity": "sha512-5DXOiRKwuSEcQ/l0kGCF6Q3jcADFv5tSmRaJck/OqkVFcOzutB134KRSfF0xDrL39MNnqxbHBbUUcjZIhTgb2g==",
      "dependencies": [
        "fn.name"
      ]
    },
    "path-to-regexp@8.2.0": {
      "integrity": "sha512-TdrF7fW9Rphjq4RjrW0Kp2AW0Ahwu9sRGTkS6bvDi0SCwZlEZYmcfDbEsTz8RVk0EHIS/Vd1bv3JhG+1xZuAyQ=="
    },
    "possible-typed-array-names@1.0.0": {
      "integrity": "sha512-d7Uw+eZoloe0EHDIYoe+bQ5WXnGMOpmiZFTuMWCwpjzzkL2nTjcKiAk4hh8TjnGye2TwWOk3UXucZ+3rbmBa8Q=="
    },
    "query-string@7.1.3": {
      "integrity": "sha512-hh2WYhq4fi8+b+/2Kg9CEge4fDPvHS534aOOvOZeQ3+Vf2mCFsaFBYj0i+iXcAq6I9Vzp5fjMFBlONvayDC1qg==",
      "dependencies": [
        "decode-uri-component",
        "filter-obj",
        "split-on-first",
        "strict-uri-encode"
      ]
    },
    "readable-stream@3.6.2": {
      "integrity": "sha512-9u/sniCrY3D5WdsERHzHE4G2YCXqoG5FTHUiCC4SIbr6XcLZBY05ya9EKjYek9O5xOAwjGq+1JdGBAS7Q9ScoA==",
      "dependencies": [
        "inherits",
        "string_decoder",
        "util-deprecate"
      ]
    },
    "safe-buffer@5.2.1": {
      "integrity": "sha512-rp3So07KcdmmKbGvgaNxQSJr7bGVSVk5S9Eq1F+ppbRo70+YeaDxkw5Dd8NPN+GD6bjnYm2VuPuCXmpuYvmCXQ=="
    },
    "safe-stable-stringify@2.5.0": {
      "integrity": "sha512-b3rppTKm9T+PsVCBEOUR46GWI7fdOs00VKZ1+9c1EWDaDMvjQc6tUwuFyIprgGgTcWoVHSKrU8H31ZHA2e0RHA=="
    },
    "sax@1.4.1": {
      "integrity": "sha512-+aWOz7yVScEGoKNd4PA10LZ8sk0A/z5+nXQG5giUO5rprX9jgYsTdov9qCchZiPIZezbZH+jRut8nPodFAX4Jg=="
    },
    "set-function-length@1.2.2": {
      "integrity": "sha512-pgRc4hJ4/sNjWCSS9AmnS40x3bNMDTknHgL5UaMBTMyJnU90EgWh1Rz+MC9eFu4BuN/UwZjKQuY/1v3rM7HMfg==",
      "dependencies": [
        "define-data-property",
        "es-errors",
        "function-bind",
        "get-intrinsic",
        "gopd",
        "has-property-descriptors"
      ]
    },
    "simple-swizzle@0.2.2": {
      "integrity": "sha512-JA//kQgZtbuY83m+xT+tXJkmJncGMTFT+C+g2h2R9uxkYIrE2yy9sgmcLhCnw57/WSD+Eh3J97FPEDFnbXnDUg==",
      "dependencies": [
        "is-arrayish"
      ]
    },
    "sinon@19.0.2": {
      "integrity": "sha512-euuToqM+PjO4UgXeLETsfQiuoyPXlqFezr6YZDFwHR3t4qaX0fZUe1MfPMznTL5f8BWrVS89KduLdMUsxFCO6g==",
      "dependencies": [
        "@sinonjs/commons",
        "@sinonjs/fake-timers",
        "@sinonjs/samsam",
        "diff",
        "nise",
        "supports-color"
      ]
    },
    "split-on-first@1.1.0": {
      "integrity": "sha512-43ZssAJaMusuKWL8sKUBQXHWOpq8d6CfN/u1p4gUzfJkM05C8rxTmYrkIPTXapZpORA6LkkzcUulJ8FqA7Uudw=="
    },
    "stack-trace@0.0.10": {
      "integrity": "sha512-KGzahc7puUKkzyMt+IqAep+TVNbKP+k2Lmwhub39m1AsTSkaDutx56aDCo+HLDzf/D26BIHTJWNiTG1KAJiQCg=="
    },
    "stream-chain@2.2.5": {
      "integrity": "sha512-1TJmBx6aSWqZ4tx7aTpBDXK0/e2hhcNSTV8+CbFJtDjbb+I1mZ8lHit0Grw9GRT+6JbIrrDd8esncgBi8aBXGA=="
    },
    "stream-json@1.9.1": {
      "integrity": "sha512-uWkjJ+2Nt/LO9Z/JyKZbMusL8Dkh97uUBTv3AJQ74y07lVahLY4eEFsPsE97pxYBwr8nnjMAIch5eqI0gPShyw==",
      "dependencies": [
        "stream-chain"
      ]
    },
    "strict-uri-encode@2.0.0": {
      "integrity": "sha512-QwiXZgpRcKkhTj2Scnn++4PKtWsH0kpzZ62L2R6c/LUVYv7hVnZqcg2+sMuT6R7Jusu1vviK/MFsu6kNJfWlEQ=="
    },
    "string_decoder@1.3.0": {
      "integrity": "sha512-hkRX8U1WjJFd8LsDJ2yQ/wWWxaopEsABU1XfkM8A+j0+85JAGppt16cr1Whg6KIbb4okU6Mql6BOj+uup/wKeA==",
      "dependencies": [
        "safe-buffer"
      ]
    },
    "strnum@1.0.5": {
      "integrity": "sha512-J8bbNyKKXl5qYcR36TIO8W3mVGVHrmmxsd5PAItGkmyzwJvybiw2IVq5nqd0i4LSNSkB/sx9VHllbfFdr9k1JA=="
    },
    "supports-color@7.2.0": {
      "integrity": "sha512-qpCAvRl9stuOHveKsn7HncJRvv501qIacKzQlO/+Lwxc9+0q2wLyv4Dfvt80/DPn2pqOBsJdDiogXGR9+OvwRw==",
      "dependencies": [
        "has-flag"
      ]
    },
    "text-hex@1.0.0": {
      "integrity": "sha512-uuVGNWzgJ4yhRaNSiubPY7OjISw4sw4E5Uv0wbjp+OzcbmVU/rsT8ujgcXJhn9ypzsgr5vlzpPqP+MBBKcGvbg=="
    },
    "through2@4.0.2": {
      "integrity": "sha512-iOqSav00cVxEEICeD7TjLB1sueEL+81Wpzp2bY17uZjZN0pWZPuo4suZ/61VujxmqSGFfgOcNuTZ85QJwNZQpw==",
      "dependencies": [
        "readable-stream"
      ]
    },
    "triple-beam@1.4.1": {
      "integrity": "sha512-aZbgViZrg1QNcG+LULa7nhZpJTZSLm/mXnHXnbAbjmN5aSa0y7V+wvv6+4WaBtpISJzThKy+PIPxc1Nq1EJ9mg=="
    },
    "type-detect@4.0.8": {
      "integrity": "sha512-0fr/mIH1dlO+x7TlcMy+bIDqKPsw/70tVyeHW787goQjhmqaZe10uwLujubK9q9Lg6Fiho1KUKDYz0Z7k7g5/g=="
    },
    "type-detect@4.1.0": {
      "integrity": "sha512-Acylog8/luQ8L7il+geoSxhEkazvkslg7PSNKOX59mbB9cOveP5aq9h74Y7YU8yDpJwetzQQrfIwtf4Wp4LKcw=="
    },
    "undici-types@6.19.8": {
      "integrity": "sha512-ve2KP6f/JnbPBFyobGHuerC9g1FYGn/F8n1LWTwNxCEzd6IfqTwUQcNXgEtmmQ6DlRrC1hrSrBnCZPokRrDHjw=="
    },
    "undici-types@6.20.0": {
      "integrity": "sha512-Ny6QZ2Nju20vw1SRHe3d9jVu6gJ+4e3+MMpqu7pqE5HT6WsTSlce++GQmK5UXS8mzV8DSYHrQH+Xrf2jVcuKNg=="
    },
    "util-deprecate@1.0.2": {
      "integrity": "sha512-EPD5q1uXyFxJpCrLnCc1nHnq3gOa6DZBocAIiI2TaSCA7VCJ1UJDMagCzIkXNsUYfD1daK//LTEQ8xiIbrHtcw=="
    },
    "util@0.12.5": {
      "integrity": "sha512-kZf/K6hEIrWHI6XqOFUiiMa+79wE/D8Q+NCNAWclkyg3b4d2k7s0QGepNjiABc+aR3N1PAyHL7p6UcLY6LmrnA==",
      "dependencies": [
        "inherits",
        "is-arguments",
        "is-generator-function",
        "is-typed-array",
        "which-typed-array"
      ]
    },
    "web-encoding@1.1.5": {
      "integrity": "sha512-HYLeVCdJ0+lBYV2FvNZmv3HJ2Nt0QYXqZojk3d9FJOLkwnuhzM9tmamh8d7HPM8QqjKH8DeHkFTx+CFlWpZZDA==",
      "dependencies": [
        "@zxing/text-encoding",
        "util"
      ]
    },
    "which-typed-array@1.1.18": {
      "integrity": "sha512-qEcY+KJYlWyLH9vNbsr6/5j59AXk5ni5aakf8ldzBvGde6Iz4sxZGkJyWSAueTG7QhOvNRYb1lDdFmL5Td0QKA==",
      "dependencies": [
        "available-typed-arrays",
        "call-bind",
        "call-bound",
        "for-each",
        "gopd",
        "has-tostringtag"
      ]
    },
    "winston-transport@4.9.0": {
      "integrity": "sha512-8drMJ4rkgaPo1Me4zD/3WLfI/zPdA9o2IipKODunnGDcuqbHwjsbB79ylv04LCGGzU0xQ6vTznOMpQGaLhhm6A==",
      "dependencies": [
        "logform",
        "readable-stream",
        "triple-beam"
      ]
    },
    "winston@3.17.0": {
      "integrity": "sha512-DLiFIXYC5fMPxaRg832S6F5mJYvePtmO5G9v9IgUFPhXm9/GkXarH/TUrBAVzhTCzAj9anE/+GjrgXp/54nOgw==",
      "dependencies": [
        "@colors/colors",
        "@dabh/diagnostics",
        "async",
        "is-stream",
        "logform",
        "one-time",
        "readable-stream",
        "safe-stable-stringify",
        "stack-trace",
        "triple-beam",
        "winston-transport"
      ]
    },
    "xml2js@0.6.2": {
      "integrity": "sha512-T4rieHaC1EXcES0Kxxj4JWgaUQHDk+qwHcYOCFHfiwKz7tOVPLq7Hjq9dM1WCMhylqMEfP7hMcOIChvotiZegA==",
      "dependencies": [
        "sax",
        "xmlbuilder"
      ]
    },
    "xmlbuilder@11.0.1": {
      "integrity": "sha512-fDlsI/kFEx7gLvbecc0/ohLG50fugQp8ryHzMTuW9vSa1GJ0XYWKnhsUx7oie3G98+r56aTQIUB4kht42R3JvA=="
    }
  },
  "redirects": {
    "https://deno.land/std/assert/mod.ts": "https://deno.land/std@0.224.0/assert/mod.ts"
  },
  "remote": {
    "https://deno.land/std@0.224.0/assert/_constants.ts": "a271e8ef5a573f1df8e822a6eb9d09df064ad66a4390f21b3e31f820a38e0975",
    "https://deno.land/std@0.224.0/assert/assert.ts": "09d30564c09de846855b7b071e62b5974b001bb72a4b797958fe0660e7849834",
    "https://deno.land/std@0.224.0/assert/assert_almost_equals.ts": "9e416114322012c9a21fa68e187637ce2d7df25bcbdbfd957cd639e65d3cf293",
    "https://deno.land/std@0.224.0/assert/assert_array_includes.ts": "14c5094471bc8e4a7895fc6aa5a184300d8a1879606574cb1cd715ef36a4a3c7",
    "https://deno.land/std@0.224.0/assert/assert_equals.ts": "3bbca947d85b9d374a108687b1a8ba3785a7850436b5a8930d81f34a32cb8c74",
    "https://deno.land/std@0.224.0/assert/assert_exists.ts": "43420cf7f956748ae6ed1230646567b3593cb7a36c5a5327269279c870c5ddfd",
    "https://deno.land/std@0.224.0/assert/assert_false.ts": "3e9be8e33275db00d952e9acb0cd29481a44fa0a4af6d37239ff58d79e8edeff",
    "https://deno.land/std@0.224.0/assert/assert_greater.ts": "5e57b201fd51b64ced36c828e3dfd773412c1a6120c1a5a99066c9b261974e46",
    "https://deno.land/std@0.224.0/assert/assert_greater_or_equal.ts": "9870030f997a08361b6f63400273c2fb1856f5db86c0c3852aab2a002e425c5b",
    "https://deno.land/std@0.224.0/assert/assert_instance_of.ts": "e22343c1fdcacfaea8f37784ad782683ec1cf599ae9b1b618954e9c22f376f2c",
    "https://deno.land/std@0.224.0/assert/assert_is_error.ts": "f856b3bc978a7aa6a601f3fec6603491ab6255118afa6baa84b04426dd3cc491",
    "https://deno.land/std@0.224.0/assert/assert_less.ts": "60b61e13a1982865a72726a5fa86c24fad7eb27c3c08b13883fb68882b307f68",
    "https://deno.land/std@0.224.0/assert/assert_less_or_equal.ts": "d2c84e17faba4afe085e6c9123a63395accf4f9e00150db899c46e67420e0ec3",
    "https://deno.land/std@0.224.0/assert/assert_match.ts": "ace1710dd3b2811c391946954234b5da910c5665aed817943d086d4d4871a8b7",
    "https://deno.land/std@0.224.0/assert/assert_not_equals.ts": "78d45dd46133d76ce624b2c6c09392f6110f0df9b73f911d20208a68dee2ef29",
    "https://deno.land/std@0.224.0/assert/assert_not_instance_of.ts": "3434a669b4d20cdcc5359779301a0588f941ffdc2ad68803c31eabdb4890cf7a",
    "https://deno.land/std@0.224.0/assert/assert_not_match.ts": "df30417240aa2d35b1ea44df7e541991348a063d9ee823430e0b58079a72242a",
    "https://deno.land/std@0.224.0/assert/assert_not_strict_equals.ts": "37f73880bd672709373d6dc2c5f148691119bed161f3020fff3548a0496f71b8",
    "https://deno.land/std@0.224.0/assert/assert_object_match.ts": "411450fd194fdaabc0089ae68f916b545a49d7b7e6d0026e84a54c9e7eed2693",
    "https://deno.land/std@0.224.0/assert/assert_rejects.ts": "4bee1d6d565a5b623146a14668da8f9eb1f026a4f338bbf92b37e43e0aa53c31",
    "https://deno.land/std@0.224.0/assert/assert_strict_equals.ts": "b4f45f0fd2e54d9029171876bd0b42dd9ed0efd8f853ab92a3f50127acfa54f5",
    "https://deno.land/std@0.224.0/assert/assert_string_includes.ts": "496b9ecad84deab72c8718735373feb6cdaa071eb91a98206f6f3cb4285e71b8",
    "https://deno.land/std@0.224.0/assert/assert_throws.ts": "c6508b2879d465898dab2798009299867e67c570d7d34c90a2d235e4553906eb",
    "https://deno.land/std@0.224.0/assert/assertion_error.ts": "ba8752bd27ebc51f723702fac2f54d3e94447598f54264a6653d6413738a8917",
    "https://deno.land/std@0.224.0/assert/equal.ts": "bddf07bb5fc718e10bb72d5dc2c36c1ce5a8bdd3b647069b6319e07af181ac47",
    "https://deno.land/std@0.224.0/assert/fail.ts": "0eba674ffb47dff083f02ced76d5130460bff1a9a68c6514ebe0cdea4abadb68",
    "https://deno.land/std@0.224.0/assert/mod.ts": "48b8cb8a619ea0b7958ad7ee9376500fe902284bb36f0e32c598c3dc34cbd6f3",
    "https://deno.land/std@0.224.0/assert/unimplemented.ts": "8c55a5793e9147b4f1ef68cd66496b7d5ba7a9e7ca30c6da070c1a58da723d73",
    "https://deno.land/std@0.224.0/assert/unreachable.ts": "5ae3dbf63ef988615b93eb08d395dda771c96546565f9e521ed86f6510c29e19",
    "https://deno.land/std@0.224.0/fmt/colors.ts": "508563c0659dd7198ba4bbf87e97f654af3c34eb56ba790260f252ad8012e1c5",
    "https://deno.land/std@0.224.0/internal/diff.ts": "6234a4b493ebe65dc67a18a0eb97ef683626a1166a1906232ce186ae9f65f4e6",
    "https://deno.land/std@0.224.0/internal/format.ts": "0a98ee226fd3d43450245b1844b47003419d34d210fa989900861c79820d21c2",
    "https://deno.land/std@0.224.0/internal/mod.ts": "534125398c8e7426183e12dc255bb635d94e06d0f93c60a297723abe69d3b22e",
    "https://esm.sh/@bunny.net/edgescript-sdk@0.11.2": "7732aa338bf5f0c7d13e294c15833416d4bad59807de874c59f36c1f81acd935",
    "https://esm.sh/jsr/@hono/hono@4.6.10": "cf6e6ff70376b2ed1dc2c03b0ea0e0ddb94a750b9924731c8c1f355d028cffb2",
    "https://esm.sh/jsr/@hono/hono@4.6.10/cors": "dc14db48bfb6d71008ebfd7c8eb51aa46b7b3e0f505348fca3693d3fdd32abe1",
    "https://esm.sh/jsr/@hono/hono@4.6.10/etag": "c55cd5ff11fe9c8c16e49fc94064a4c6d949f6b0f9bc1731fb4498765ed0a8a2",
    "https://esm.sh/jsr/@hono/hono@4.6.10/pretty-json": "9dc73628b94c63f8bcf804e1881939ede133f98a57913f46759159a60e54c464",
    "https://esm.sh/v135/@bunny.net/edgescript-sdk@0.11.2/denonext/edgescript-sdk.mjs": "e8171a66904061537db78a8c5fe20a8e47788056fa85d99dfdd1fb7167f89a70",
    "https://esm.sh/v135/@jsr/hono__hono@4.6.10/denonext/cors.js": "fbc5b1adc0d2c86c31cd3d20182bc1faf313cddae89e2bb1da3b61afe09b9bd9",
    "https://esm.sh/v135/@jsr/hono__hono@4.6.10/denonext/etag.js": "f39b885b71ea152b7a2ea2aa5a2201abd8301e6be1d294f10822c2f70b80f9cf",
    "https://esm.sh/v135/@jsr/hono__hono@4.6.10/denonext/hono-base.js": "2ad8ffc6f9e52c3d0f300a9633ac0359fb16b474fa0cc46f5d99b549b809271b",
    "https://esm.sh/v135/@jsr/hono__hono@4.6.10/denonext/hono__hono.mjs": "c1bea804a3fec7e885ea3ea3bfeac86eca252b816d4ac70c53d9099fc51026c6",
    "https://esm.sh/v135/@jsr/hono__hono@4.6.10/denonext/pretty-json.js": "dc4b6e51d5f5d7eb225915f39e2036d2a2b5d2b0ca4a19d2b57ec5166c14e5d0",
    "https://esm.sh/v135/@jsr/hono__hono@4.6.10/denonext/request.js": "2527a9eaccc9507e22b4957f7e0aa9693a06ffe1742a5f1d879b934749fae51c",
    "https://esm.sh/v135/@jsr/hono__hono@4.6.10/denonext/router.js": "6a68f950b009de40bf885125b69c7411244d6d1a17f232cf5eb656b36edbb12f",
    "https://esm.sh/v135/@jsr/hono__hono@4.6.10/denonext/router/reg-exp-router.js": "46e2bb114d1e845d0dab41a5e291f474155c5bed77845b158ff1f8a83a6b01fc",
    "https://esm.sh/v135/@jsr/hono__hono@4.6.10/denonext/router/smart-router.js": "0f6f98361f32f17caf439c8b4824f6856ca5f31a3f20e615a78fb1a97503a107",
    "https://esm.sh/v135/@jsr/hono__hono@4.6.10/denonext/router/trie-router.js": "64b9cbb405cac8fee816a37cd21b0536da1701764a6122dc885b81858166b443",
    "https://esm.sh/v135/@jsr/hono__hono@4.6.10/denonext/utils/body.js": "2698eef74153030f395ca86560d5af63786d103af17d82eae23ccf6ae3b43fab",
    "https://esm.sh/v135/@jsr/hono__hono@4.6.10/denonext/utils/html.js": "cef8ce2d9fc48aabf06c0935eb7e4a62d117c278bf084686113bd6cde835a6e6",
    "https://esm.sh/v135/@jsr/hono__hono@4.6.10/denonext/utils/url.js": "0f5d76b7f749814518f38f3dfa29cd6f7cfadb4d263271ef944e474356104b1c"
  },
  "workspace": {
    "dependencies": [
      "jsr:@cross/test@^0.0.10",
      "jsr:@std/assert@^1.0.10",
      "npm:@biomejs/biome@^1.9.4",
      "npm:@types/node@^22.10.2",
      "npm:sinon@^19.0.2"
    ],
    "members": {
      "check-required-env": {
        "dependencies": [
          "jsr:@frytg/logger@0.0.2"
        ]
      },
      "dates": {
        "dependencies": [
          "jsr:@std/fmt@^1.0.3",
          "npm:@types/luxon@^3.4.2",
          "npm:luxon@^3.5.0"
        ]
      },
      "logger": {
        "dependencies": [
          "npm:winston@^3.17.0"
        ]
      },
      "storage-s3": {
        "dependencies": [
          "npm:minio@^8.0.3"
        ]
      }
    }
  }
}
