# @generated - this file is auto-generated by `mise lock` https://mise.jdx.dev/dev-tools/mise-lock.html

lockfile_version = 1

[[tools.bun]]
version = "1.4.2"
backend = "core:bun"
specifiers = ["latest"]

[[tools.deno]]
version = "2.9.5"
backend = "core:deno"
specifiers = ["latest"]

[[tools.just]]
version = "1.58.0"
backend = "aqua:casey/just"
specifiers = ["latest"]

[[tools.node]]
version = "26.8.1"
backend = "core:node"
specifiers = ["26"]
